
Microsoft Visual Studio Solution File, Format Version 12.00
# Visual Studio Version 16
VisualStudioVersion = 16.0.34729.46
MinimumVisualStudioVersion = 10.0.40219.1
Project("{FAE04EC0-301F-11D3-BF4B-00C04F79EFBC}") = "AppleTree", "AppleTree\AppleTree.csproj", "{1C35B07C-8926-4908-8FC7-BADC10CA4197}"
EndProject
Global
	GlobalSection(SolutionConfigurationPlatforms) = preSolution
		Debug|Any CPU = Debug|Any CPU
		Release|Any CPU = Release|Any CPU
	EndGlobalSection
	GlobalSection(ProjectConfigurationPlatforms) = postSolution
		{1C35B07C-8926-4908-8FC7-BADC10CA4197}.Debug|Any CPU.ActiveCfg = Debug|Any CPU
		{1C35B07C-8926-4908-8FC7-BADC10CA4197}.Debug|Any CPU.Build.0 = Debug|Any CPU
		{1C35B07C-8926-4908-8FC7-BADC10CA4197}.Release|Any CPU.ActiveCfg = Release|Any CPU
		{1C35B07C-8926-4908-8FC7-BADC10CA4197}.Release|Any CPU.Build.0 = Release|Any CPU
	EndGlobalSection
	GlobalSection(SolutionProperties) = preSolution
		HideSolutionNode = FALSE
	EndGlobalSection
	GlobalSection(ExtensibilityGlobals) = postSolution
		SolutionGuid = {64BF349C-4E79-4CFE-A907-0E171B2F4963}
	EndGlobalSection
EndGlobal
